<Solution>
  <Project Path="SimpleStorage.Client.PartialSending/SimpleStorage.Client.PartialSending.csproj" Id="7014bbb2-4089-4a12-9efc-0ba846cf5f03" />
  <Project Path="SimpleStorage.Client.Simple/SimpleStorage.Client.Simple.csproj" Id="36e749d7-8756-4465-b9e0-da31d865749d" />
  <Project Path="SimpleStorage.Tests/SimpleStorage.Tests.csproj" Id="e387e3ae-011b-42b2-a472-cc9f594c33e3" />
  <Project Path="SimpleStorage/SimpleStorage.csproj" />
</Solution>
